{
	"name": "tcp.proxy",
	"version": "1.0.13",
	"lockfileVersion": 1,
	"requires": true,
	"dependencies": {
		"cli.util": {
			"version": "git+https://git@github.com/anzerr/cli.util.git#baae33b2b9a7f77714be17ca2d34bd16fb9dd23f",
			"from": "git+https://git@github.com/anzerr/cli.util.git"
		},
		"net.socket": {
			"version": "git+https://git@github.com/anzerr/net.socket.git#abaa4fcf5003f06c9e04fd2bd4193e8cf062a92b",
			"from": "git+https://git@github.com/anzerr/net.socket.git",
			"requires": {
				"type.util": "git+https://git@github.com/anzerr/type.util.git"
			}
		},
		"type.util": {
			"version": "git+https://git@github.com/anzerr/type.util.git#3a38e81dd05b028469f2c570dfc67090b951ef2c",
			"from": "git+https://git@github.com/anzerr/type.util.git"
		},
		"unique.util": {
			"version": "git+https://git@github.com/anzerr/unique.util.git#710cbbe7e62b9b9c5f5130aa84447831bcbe287f",
			"from": "git+https://git@github.com/anzerr/unique.util.git"
		}
	}
}
